
Microsoft Visual Studio Solution File, Format Version 12.00
# Visual Studio Version 17
VisualStudioVersion = 17.2.32630.192
MinimumVisualStudioVersion = 10.0.40219.1
Project("{FAE04EC0-301F-11D3-BF4B-00C04F79EFBC}") = "ProfessorCourse_BestFit", "ProfessorCourse_BestFit\ProfessorCourse_BestFit.csproj", "{37C2EA49-2722-4DB1-9204-975D8CE9FFCA}"
EndProject
Global
	GlobalSection(SolutionConfigurationPlatforms) = preSolution
		Debug|Any CPU = Debug|Any CPU
		Release|Any CPU = Release|Any CPU
	EndGlobalSection
	GlobalSection(ProjectConfigurationPlatforms) = postSolution
		{37C2EA49-2722-4DB1-9204-975D8CE9FFCA}.Debug|Any CPU.ActiveCfg = Debug|Any CPU
		{37C2EA49-2722-4DB1-9204-975D8CE9FFCA}.Debug|Any CPU.Build.0 = Debug|Any CPU
		{37C2EA49-2722-4DB1-9204-975D8CE9FFCA}.Release|Any CPU.ActiveCfg = Release|Any CPU
		{37C2EA49-2722-4DB1-9204-975D8CE9FFCA}.Release|Any CPU.Build.0 = Release|Any CPU
	EndGlobalSection
	GlobalSection(SolutionProperties) = preSolution
		HideSolutionNode = FALSE
	EndGlobalSection
	GlobalSection(ExtensibilityGlobals) = postSolution
		SolutionGuid = {23B676BC-60EF-4DDA-AE7A-3D5F7384881B}
	EndGlobalSection
EndGlobal
